
Microsoft Visual Studio Solution File, Format Version 12.00
# Visual Studio Version 16
VisualStudioVersion = 16.0.30011.22
MinimumVisualStudioVersion = 10.0.40219.1
Project("{FAE04EC0-301F-11D3-BF4B-00C04F79EFBC}") = "Гармонические колебания", "Гармонические колебания\Гармонические колебания.csproj", "{26C499F9-BD40-4E87-8DF7-56FEB1D08A28}"
EndProject
Global
	GlobalSection(SolutionConfigurationPlatforms) = preSolution
		Debug|Any CPU = Debug|Any CPU
		Release|Any CPU = Release|Any CPU
	EndGlobalSection
	GlobalSection(ProjectConfigurationPlatforms) = postSolution
		{26C499F9-BD40-4E87-8DF7-56FEB1D08A28}.Debug|Any CPU.ActiveCfg = Debug|Any CPU
		{26C499F9-BD40-4E87-8DF7-56FEB1D08A28}.Debug|Any CPU.Build.0 = Debug|Any CPU
		{26C499F9-BD40-4E87-8DF7-56FEB1D08A28}.Release|Any CPU.ActiveCfg = Release|Any CPU
		{26C499F9-BD40-4E87-8DF7-56FEB1D08A28}.Release|Any CPU.Build.0 = Release|Any CPU
	EndGlobalSection
	GlobalSection(SolutionProperties) = preSolution
		HideSolutionNode = FALSE
	EndGlobalSection
	GlobalSection(ExtensibilityGlobals) = postSolution
		SolutionGuid = {7894ADA3-83F7-4C9B-B9A9-8EB0809D0102}
	EndGlobalSection
EndGlobal
